
Microsoft Visual Studio Solution File, Format Version 12.00
# Visual Studio Version 16
VisualStudioVersion = 16.0.29920.165
MinimumVisualStudioVersion = 10.0.40219.1
Project("{FAE04EC0-301F-11D3-BF4B-00C04F79EFBC}") = "Calculator", "Calculator\Calculator.csproj", "{49D25F22-8FDA-4ABE-BD13-1891EC187407}"
EndProject
Project("{FAE04EC0-301F-11D3-BF4B-00C04F79EFBC}") = "CalcTest", "CalcTest\CalcTest.csproj", "{681BBAEA-8FAE-468E-A1B0-5119595C765D}"
EndProject
Global
	GlobalSection(SolutionConfigurationPlatforms) = preSolution
		Debug|Any CPU = Debug|Any CPU
		Release|Any CPU = Release|Any CPU
	EndGlobalSection
	GlobalSection(ProjectConfigurationPlatforms) = postSolution
		{49D25F22-8FDA-4ABE-BD13-1891EC187407}.Debug|Any CPU.ActiveCfg = Debug|Any CPU
		{49D25F22-8FDA-4ABE-BD13-1891EC187407}.Debug|Any CPU.Build.0 = Debug|Any CPU
		{49D25F22-8FDA-4ABE-BD13-1891EC187407}.Release|Any CPU.ActiveCfg = Release|Any CPU
		{49D25F22-8FDA-4ABE-BD13-1891EC187407}.Release|Any CPU.Build.0 = Release|Any CPU
		{681BBAEA-8FAE-468E-A1B0-5119595C765D}.Debug|Any CPU.ActiveCfg = Debug|Any CPU
		{681BBAEA-8FAE-468E-A1B0-5119595C765D}.Debug|Any CPU.Build.0 = Debug|Any CPU
		{681BBAEA-8FAE-468E-A1B0-5119595C765D}.Release|Any CPU.ActiveCfg = Release|Any CPU
		{681BBAEA-8FAE-468E-A1B0-5119595C765D}.Release|Any CPU.Build.0 = Release|Any CPU
	EndGlobalSection
	GlobalSection(SolutionProperties) = preSolution
		HideSolutionNode = FALSE
	EndGlobalSection
	GlobalSection(ExtensibilityGlobals) = postSolution
		SolutionGuid = {8D631DFF-B8E9-40B1-8F14-1FA4C1DE12F9}
	EndGlobalSection
EndGlobal
